// !$*UTF8*$!
{
	archiveVersion = 1;
	classes = {
	};
	objectVersion = 77;
	objects = {

/* Begin PBXBuildFile section */
		7375DE5D2CFBB8AD002EB640 /* Utilities.cpp in Sources */ = {isa = PBXBuildFile; fileRef = 7375DE5C2CFBB8AA002EB640 /* Utilities.cpp */; };
		7375DE622CFC14FE002EB640 /* Station.cpp in Sources */ = {isa = PBXBuildFile; fileRef = 7375DE612CFC14FC002EB640 /* Station.cpp */; };
		7375DE692CFCB52A002EB640 /* CustomerOrder.cpp in Sources */ = {isa = PBXBuildFile; fileRef = 7375DE682CFCB529002EB640 /* CustomerOrder.cpp */; };
		7375DE702CFD050F002EB640 /* Workstation.cpp in Sources */ = {isa = PBXBuildFile; fileRef = 7375DE6F2CFD050D002EB640 /* Workstation.cpp */; };
		7375DE762CFD2822002EB640 /* LineManager.cpp in Sources */ = {isa = PBXBuildFile; fileRef = 7375DE752CFD2822002EB640 /* LineManager.cpp */; };
/* End PBXBuildFile section */

/* Begin PBXCopyFilesBuildPhase section */
		7375DE4F2CFBB83C002EB640 /* CopyFiles */ = {
			isa = PBXCopyFilesBuildPhase;
			buildActionMask = 2147483647;
			dstPath = /usr/share/man/man1/;
			dstSubfolderSpec = 0;
			files = (
			);
			runOnlyForDeploymentPostprocessing = 1;
		};
/* End PBXCopyFilesBuildPhase section */

/* Begin PBXFileReference section */
		7375DE512CFBB83C002EB640 /* WS4 */ = {isa = PBXFileReference; explicitFileType = "compiled.mach-o.executable"; includeInIndex = 0; path = WS4; sourceTree = BUILT_PRODUCTS_DIR; };
		7375DE5B2CFBB88F002EB640 /* Utilities.h */ = {isa = PBXFileReference; lastKnownFileType = sourcecode.c.h; path = Utilities.h; sourceTree = "<group>"; };
		7375DE5C2CFBB8AA002EB640 /* Utilities.cpp */ = {isa = PBXFileReference; lastKnownFileType = sourcecode.cpp.cpp; path = Utilities.cpp; sourceTree = "<group>"; };
		7375DE602CFC14F3002EB640 /* Station.h */ = {isa = PBXFileReference; lastKnownFileType = sourcecode.c.h; path = Station.h; sourceTree = "<group>"; };
		7375DE612CFC14FC002EB640 /* Station.cpp */ = {isa = PBXFileReference; lastKnownFileType = sourcecode.cpp.cpp; path = Station.cpp; sourceTree = "<group>"; };
		7375DE672CFCB512002EB640 /* CustomerOrder.h */ = {isa = PBXFileReference; lastKnownFileType = sourcecode.c.h; path = CustomerOrder.h; sourceTree = "<group>"; };
		7375DE682CFCB529002EB640 /* CustomerOrder.cpp */ = {isa = PBXFileReference; lastKnownFileType = sourcecode.cpp.cpp; path = CustomerOrder.cpp; sourceTree = "<group>"; };
		7375DE6E2CFD04E6002EB640 /* Workstation.h */ = {isa = PBXFileReference; lastKnownFileType = sourcecode.c.h; path = Workstation.h; sourceTree = "<group>"; };
		7375DE6F2CFD050D002EB640 /* Workstation.cpp */ = {isa = PBXFileReference; lastKnownFileType = sourcecode.cpp.cpp; path = Workstation.cpp; sourceTree = "<group>"; };
		7375DE742CFD281D002EB640 /* LineManager.h */ = {isa = PBXFileReference; lastKnownFileType = sourcecode.c.h; path = LineManager.h; sourceTree = "<group>"; };
		7375DE752CFD2822002EB640 /* LineManager.cpp */ = {isa = PBXFileReference; lastKnownFileType = sourcecode.cpp.cpp; path = LineManager.cpp; sourceTree = "<group>"; };
/* End PBXFileReference section */

/* Begin PBXFileSystemSynchronizedRootGroup section */
		7375DE532CFBB83C002EB640 /* WS4 */ = {
			isa = PBXFileSystemSynchronizedRootGroup;
			path = WS4;
			sourceTree = "<group>";
		};
/* End PBXFileSystemSynchronizedRootGroup section */

/* Begin PBXFrameworksBuildPhase section */
		7375DE4E2CFBB83C002EB640 /* Frameworks */ = {
			isa = PBXFrameworksBuildPhase;
			buildActionMask = 2147483647;
			files = (
			);
			runOnlyForDeploymentPostprocessing = 0;
		};
/* End PBXFrameworksBuildPhase section */

/* Begin PBXGroup section */
		7375DE482CFBB83C002EB640 = {
			isa = PBXGroup;
			children = (
				7375DE752CFD2822002EB640 /* LineManager.cpp */,
				7375DE742CFD281D002EB640 /* LineManager.h */,
				7375DE6F2CFD050D002EB640 /* Workstation.cpp */,
				7375DE6E2CFD04E6002EB640 /* Workstation.h */,
				7375DE682CFCB529002EB640 /* CustomerOrder.cpp */,
				7375DE672CFCB512002EB640 /* CustomerOrder.h */,
				7375DE612CFC14FC002EB640 /* Station.cpp */,
				7375DE602CFC14F3002EB640 /* Station.h */,
				7375DE5C2CFBB8AA002EB640 /* Utilities.cpp */,
				7375DE5B2CFBB88F002EB640 /* Utilities.h */,
				7375DE532CFBB83C002EB640 /* WS4 */,
				7375DE522CFBB83C002EB640 /* Products */,
			);
			sourceTree = "<group>";
		};
		7375DE522CFBB83C002EB640 /* Products */ = {
			isa = PBXGroup;
			children = (
				7375DE512CFBB83C002EB640 /* WS4 */,
			);
			name = Products;
			sourceTree = "<group>";
		};
/* End PBXGroup section */

/* Begin PBXNativeTarget section */
		7375DE502CFBB83C002EB640 /* WS4 */ = {
			isa = PBXNativeTarget;
			buildConfigurationList = 7375DE582CFBB83C002EB640 /* Build configuration list for PBXNativeTarget "WS4" */;
			buildPhases = (
				7375DE4D2CFBB83C002EB640 /* Sources */,
				7375DE4E2CFBB83C002EB640 /* Frameworks */,
				7375DE4F2CFBB83C002EB640 /* CopyFiles */,
			);
			buildRules = (
			);
			dependencies = (
			);
			fileSystemSynchronizedGroups = (
				7375DE532CFBB83C002EB640 /* WS4 */,
			);
			name = WS4;
			packageProductDependencies = (
			);
			productName = WS4;
			productReference = 7375DE512CFBB83C002EB640 /* WS4 */;
			productType = "com.apple.product-type.tool";
		};
/* End PBXNativeTarget section */

/* Begin PBXProject section */
		7375DE492CFBB83C002EB640 /* Project object */ = {
			isa = PBXProject;
			attributes = {
				BuildIndependentTargetsInParallel = 1;
				LastUpgradeCheck = 1610;
				TargetAttributes = {
					7375DE502CFBB83C002EB640 = {
						CreatedOnToolsVersion = 16.1;
					};
				};
			};
			buildConfigurationList = 7375DE4C2CFBB83C002EB640 /* Build configuration list for PBXProject "WS4" */;
			developmentRegion = en;
			hasScannedForEncodings = 0;
			knownRegions = (
				en,
				Base,
			);
			mainGroup = 7375DE482CFBB83C002EB640;
			minimizedProjectReferenceProxies = 1;
			preferredProjectObjectVersion = 77;
			productRefGroup = 7375DE522CFBB83C002EB640 /* Products */;
			projectDirPath = "";
			projectRoot = "";
			targets = (
				7375DE502CFBB83C002EB640 /* WS4 */,
			);
		};
/* End PBXProject section */

/* Begin PBXSourcesBuildPhase section */
		7375DE4D2CFBB83C002EB640 /* Sources */ = {
			isa = PBXSourcesBuildPhase;
			buildActionMask = 2147483647;
			files = (
				7375DE692CFCB52A002EB640 /* CustomerOrder.cpp in Sources */,
				7375DE762CFD2822002EB640 /* LineManager.cpp in Sources */,
				7375DE702CFD050F002EB640 /* Workstation.cpp in Sources */,
				7375DE5D2CFBB8AD002EB640 /* Utilities.cpp in Sources */,
				7375DE622CFC14FE002EB640 /* Station.cpp in Sources */,
			);
			runOnlyForDeploymentPostprocessing = 0;
		};
/* End PBXSourcesBuildPhase section */

/* Begin XCBuildConfiguration section */
		7375DE562CFBB83C002EB640 /* Debug */ = {
			isa = XCBuildConfiguration;
			buildSettings = {
				ALWAYS_SEARCH_USER_PATHS = NO;
				ASSETCATALOG_COMPILER_GENERATE_SWIFT_ASSET_SYMBOL_EXTENSIONS = YES;
				CLANG_ANALYZER_NONNULL = YES;
				CLANG_ANALYZER_NUMBER_OBJECT_CONVERSION = YES_AGGRESSIVE;
				CLANG_CXX_LANGUAGE_STANDARD = "gnu++20";
				CLANG_ENABLE_MODULES = YES;
				CLANG_ENABLE_OBJC_ARC = YES;
				CLANG_ENABLE_OBJC_WEAK = YES;
				CLANG_WARN_BLOCK_CAPTURE_AUTORELEASING = YES;
				CLANG_WARN_BOOL_CONVERSION = YES;
				CLANG_WARN_COMMA = YES;
				CLANG_WARN_CONSTANT_CONVERSION = YES;
				CLANG_WARN_DEPRECATED_OBJC_IMPLEMENTATIONS = YES;
				CLANG_WARN_DIRECT_OBJC_ISA_USAGE = YES_ERROR;
				CLANG_WARN_DOCUMENTATION_COMMENTS = YES;
				CLANG_WARN_EMPTY_BODY = YES;
				CLANG_WARN_ENUM_CONVERSION = YES;
				CLANG_WARN_INFINITE_RECURSION = YES;
				CLANG_WARN_INT_CONVERSION = YES;
				CLANG_WARN_NON_LITERAL_NULL_CONVERSION = YES;
				CLANG_WARN_OBJC_IMPLICIT_RETAIN_SELF = YES;
				CLANG_WARN_OBJC_LITERAL_CONVERSION = YES;
				CLANG_WARN_OBJC_ROOT_CLASS = YES_ERROR;
				CLANG_WARN_QUOTED_INCLUDE_IN_FRAMEWORK_HEADER = YES;
				CLANG_WARN_RANGE_LOOP_ANALYSIS = YES;
				CLANG_WARN_STRICT_PROTOTYPES = YES;
				CLANG_WARN_SUSPICIOUS_MOVE = YES;
				CLANG_WARN_UNGUARDED_AVAILABILITY = YES_AGGRESSIVE;
				CLANG_WARN_UNREACHABLE_CODE = YES;
				CLANG_WARN__DUPLICATE_METHOD_MATCH = YES;
				COPY_PHASE_STRIP = NO;
				DEBUG_INFORMATION_FORMAT = dwarf;
				ENABLE_STRICT_OBJC_MSGSEND = YES;
				ENABLE_TESTABILITY = YES;
				ENABLE_USER_SCRIPT_SANDBOXING = YES;
				GCC_C_LANGUAGE_STANDARD = gnu17;
				GCC_DYNAMIC_NO_PIC = NO;
				GCC_NO_COMMON_BLOCKS = YES;
				GCC_OPTIMIZATION_LEVEL = 0;
				GCC_PREPROCESSOR_DEFINITIONS = (
					"DEBUG=1",
					"$(inherited)",
				);
				GCC_WARN_64_TO_32_BIT_CONVERSION = YES;
				GCC_WARN_ABOUT_RETURN_TYPE = YES_ERROR;
				GCC_WARN_UNDECLARED_SELECTOR = YES;
				GCC_WARN_UNINITIALIZED_AUTOS = YES_AGGRESSIVE;
				GCC_WARN_UNUSED_FUNCTION = YES;
				GCC_WARN_UNUSED_VARIABLE = YES;
				LOCALIZATION_PREFERS_STRING_CATALOGS = YES;
				MACOSX_DEPLOYMENT_TARGET = 15.1;
				MTL_ENABLE_DEBUG_INFO = INCLUDE_SOURCE;
				MTL_FAST_MATH = YES;
				ONLY_ACTIVE_ARCH = YES;
				SDKROOT = macosx;
			};
			name = Debug;
		};
		7375DE572CFBB83C002EB640 /* Release */ = {
			isa = XCBuildConfiguration;
			buildSettings = {
				ALWAYS_SEARCH_USER_PATHS = NO;
				ASSETCATALOG_COMPILER_GENERATE_SWIFT_ASSET_SYMBOL_EXTENSIONS = YES;
				CLANG_ANALYZER_NONNULL = YES;
				CLANG_ANALYZER_NUMBER_OBJECT_CONVERSION = YES_AGGRESSIVE;
				CLANG_CXX_LANGUAGE_STANDARD = "gnu++20";
				CLANG_ENABLE_MODULES = YES;
				CLANG_ENABLE_OBJC_ARC = YES;
				CLANG_ENABLE_OBJC_WEAK = YES;
				CLANG_WARN_BLOCK_CAPTURE_AUTORELEASING = YES;
				CLANG_WARN_BOOL_CONVERSION = YES;
				CLANG_WARN_COMMA = YES;
				CLANG_WARN_CONSTANT_CONVERSION = YES;
				CLANG_WARN_DEPRECATED_OBJC_IMPLEMENTATIONS = YES;
				CLANG_WARN_DIRECT_OBJC_ISA_USAGE = YES_ERROR;
				CLANG_WARN_DOCUMENTATION_COMMENTS = YES;
				CLANG_WARN_EMPTY_BODY = YES;
				CLANG_WARN_ENUM_CONVERSION = YES;
				CLANG_WARN_INFINITE_RECURSION = YES;
				CLANG_WARN_INT_CONVERSION = YES;
				CLANG_WARN_NON_LITERAL_NULL_CONVERSION = YES;
				CLANG_WARN_OBJC_IMPLICIT_RETAIN_SELF = YES;
				CLANG_WARN_OBJC_LITERAL_CONVERSION = YES;
				CLANG_WARN_OBJC_ROOT_CLASS = YES_ERROR;
				CLANG_WARN_QUOTED_INCLUDE_IN_FRAMEWORK_HEADER = YES;
				CLANG_WARN_RANGE_LOOP_ANALYSIS = YES;
				CLANG_WARN_STRICT_PROTOTYPES = YES;
				CLANG_WARN_SUSPICIOUS_MOVE = YES;
				CLANG_WARN_UNGUARDED_AVAILABILITY = YES_AGGRESSIVE;
				CLANG_WARN_UNREACHABLE_CODE = YES;
				CLANG_WARN__DUPLICATE_METHOD_MATCH = YES;
				COPY_PHASE_STRIP = NO;
				DEBUG_INFORMATION_FORMAT = "dwarf-with-dsym";
				ENABLE_NS_ASSERTIONS = NO;
				ENABLE_STRICT_OBJC_MSGSEND = YES;
				ENABLE_USER_SCRIPT_SANDBOXING = YES;
				GCC_C_LANGUAGE_STANDARD = gnu17;
				GCC_NO_COMMON_BLOCKS = YES;
				GCC_WARN_64_TO_32_BIT_CONVERSION = YES;
				GCC_WARN_ABOUT_RETURN_TYPE = YES_ERROR;
				GCC_WARN_UNDECLARED_SELECTOR = YES;
				GCC_WARN_UNINITIALIZED_AUTOS = YES_AGGRESSIVE;
				GCC_WARN_UNUSED_FUNCTION = YES;
				GCC_WARN_UNUSED_VARIABLE = YES;
				LOCALIZATION_PREFERS_STRING_CATALOGS = YES;
				MACOSX_DEPLOYMENT_TARGET = 15.1;
				MTL_ENABLE_DEBUG_INFO = NO;
				MTL_FAST_MATH = YES;
				SDKROOT = macosx;
			};
			name = Release;
		};
		7375DE592CFBB83C002EB640 /* Debug */ = {
			isa = XCBuildConfiguration;
			buildSettings = {
				CODE_SIGN_STYLE = Automatic;
				PRODUCT_NAME = "$(TARGET_NAME)";
			};
			name = Debug;
		};
		7375DE5A2CFBB83C002EB640 /* Release */ = {
			isa = XCBuildConfiguration;
			buildSettings = {
				CODE_SIGN_STYLE = Automatic;
				PRODUCT_NAME = "$(TARGET_NAME)";
			};
			name = Release;
		};
/* End XCBuildConfiguration section */

/* Begin XCConfigurationList section */
		7375DE4C2CFBB83C002EB640 /* Build configuration list for PBXProject "WS4" */ = {
			isa = XCConfigurationList;
			buildConfigurations = (
				7375DE562CFBB83C002EB640 /* Debug */,
				7375DE572CFBB83C002EB640 /* Release */,
			);
			defaultConfigurationIsVisible = 0;
			defaultConfigurationName = Release;
		};
		7375DE582CFBB83C002EB640 /* Build configuration list for PBXNativeTarget "WS4" */ = {
			isa = XCConfigurationList;
			buildConfigurations = (
				7375DE592CFBB83C002EB640 /* Debug */,
				7375DE5A2CFBB83C002EB640 /* Release */,
			);
			defaultConfigurationIsVisible = 0;
			defaultConfigurationName = Release;
		};
/* End XCConfigurationList section */
	};
	rootObject = 7375DE492CFBB83C002EB640 /* Project object */;
}
