// !$*UTF8*$!
{
	archiveVersion = 1;
	classes = {
	};
	objectVersion = 56;
	objects = {

/* Begin PBXBuildFile section */
		732E04B02CA24E9800AF0A6B /* tester_1.cpp in Sources */ = {isa = PBXBuildFile; fileRef = 732E04AF2CA24E9800AF0A6B /* tester_1.cpp */; };
		732E04BA2CA2500B00AF0A6B /* settings.cpp in Sources */ = {isa = PBXBuildFile; fileRef = 732E04B82CA2500B00AF0A6B /* settings.cpp */; };
		732E04BD2CA256B200AF0A6B /* event.cpp in Sources */ = {isa = PBXBuildFile; fileRef = 732E04BB2CA256B200AF0A6B /* event.cpp */; };
		732E04D52CA6473F00AF0A6B /* logger.cpp in Sources */ = {isa = PBXBuildFile; fileRef = 732E04D32CA646DA00AF0A6B /* logger.cpp */; };
		732E04D82CA7138D00AF0A6B /* timeMonitor.cpp in Sources */ = {isa = PBXBuildFile; fileRef = 732E04D62CA7138900AF0A6B /* timeMonitor.cpp */; };
		732E04DB2CA71AA800AF0A6B /* dictionary.cpp in Sources */ = {isa = PBXBuildFile; fileRef = 732E04D92CA71AA500AF0A6B /* dictionary.cpp */; };
/* End PBXBuildFile section */

/* Begin PBXCopyFilesBuildPhase section */
		732E04AA2CA24E9800AF0A6B /* CopyFiles */ = {
			isa = PBXCopyFilesBuildPhase;
			buildActionMask = 2147483647;
			dstPath = /usr/share/man/man1/;
			dstSubfolderSpec = 0;
			files = (
			);
			runOnlyForDeploymentPostprocessing = 1;
		};
/* End PBXCopyFilesBuildPhase section */

/* Begin PBXFileReference section */
		732E04AC2CA24E9800AF0A6B /* W1 */ = {isa = PBXFileReference; explicitFileType = "compiled.mach-o.executable"; includeInIndex = 0; path = W1; sourceTree = BUILT_PRODUCTS_DIR; };
		732E04AF2CA24E9800AF0A6B /* tester_1.cpp */ = {isa = PBXFileReference; lastKnownFileType = sourcecode.cpp.cpp; path = tester_1.cpp; sourceTree = "<group>"; };
		732E04B62CA24EC200AF0A6B /* english_large.csv */ = {isa = PBXFileReference; lastKnownFileType = text.xml; path = english_large.csv; sourceTree = "<group>"; };
		732E04B72CA24F1800AF0A6B /* english_small.csv */ = {isa = PBXFileReference; lastKnownFileType = text.xml; path = english_small.csv; sourceTree = "<group>"; };
		732E04B82CA2500B00AF0A6B /* settings.cpp */ = {isa = PBXFileReference; lastKnownFileType = sourcecode.cpp.cpp; path = settings.cpp; sourceTree = "<group>"; };
		732E04B92CA2500B00AF0A6B /* settings.h */ = {isa = PBXFileReference; lastKnownFileType = sourcecode.c.h; path = settings.h; sourceTree = "<group>"; };
		732E04BB2CA256B200AF0A6B /* event.cpp */ = {isa = PBXFileReference; lastKnownFileType = sourcecode.cpp.cpp; path = event.cpp; sourceTree = "<group>"; };
		732E04BC2CA256B200AF0A6B /* event.h */ = {isa = PBXFileReference; lastKnownFileType = sourcecode.c.h; path = event.h; sourceTree = "<group>"; };
		732E04D32CA646DA00AF0A6B /* logger.cpp */ = {isa = PBXFileReference; lastKnownFileType = sourcecode.cpp.cpp; path = logger.cpp; sourceTree = "<group>"; };
		732E04D42CA646DA00AF0A6B /* logger.h */ = {isa = PBXFileReference; lastKnownFileType = sourcecode.c.h; path = logger.h; sourceTree = "<group>"; };
		732E04D62CA7138900AF0A6B /* timeMonitor.cpp */ = {isa = PBXFileReference; lastKnownFileType = sourcecode.cpp.cpp; path = timeMonitor.cpp; sourceTree = "<group>"; };
		732E04D72CA7138900AF0A6B /* timeMonitor.h */ = {isa = PBXFileReference; lastKnownFileType = sourcecode.c.h; path = timeMonitor.h; sourceTree = "<group>"; };
		732E04D92CA71AA500AF0A6B /* dictionary.cpp */ = {isa = PBXFileReference; lastKnownFileType = sourcecode.cpp.cpp; path = dictionary.cpp; sourceTree = "<group>"; };
		732E04DA2CA71AA500AF0A6B /* dictionary.h */ = {isa = PBXFileReference; lastKnownFileType = sourcecode.c.h; path = dictionary.h; sourceTree = "<group>"; };
/* End PBXFileReference section */

/* Begin PBXFrameworksBuildPhase section */
		732E04A92CA24E9800AF0A6B /* Frameworks */ = {
			isa = PBXFrameworksBuildPhase;
			buildActionMask = 2147483647;
			files = (
			);
			runOnlyForDeploymentPostprocessing = 0;
		};
/* End PBXFrameworksBuildPhase section */

/* Begin PBXGroup section */
		732E04A32CA24E9800AF0A6B = {
			isa = PBXGroup;
			children = (
				732E04D92CA71AA500AF0A6B /* dictionary.cpp */,
				732E04DA2CA71AA500AF0A6B /* dictionary.h */,
				732E04D62CA7138900AF0A6B /* timeMonitor.cpp */,
				732E04D72CA7138900AF0A6B /* timeMonitor.h */,
				732E04D32CA646DA00AF0A6B /* logger.cpp */,
				732E04D42CA646DA00AF0A6B /* logger.h */,
				732E04BB2CA256B200AF0A6B /* event.cpp */,
				732E04BC2CA256B200AF0A6B /* event.h */,
				732E04B82CA2500B00AF0A6B /* settings.cpp */,
				732E04B92CA2500B00AF0A6B /* settings.h */,
				732E04B72CA24F1800AF0A6B /* english_small.csv */,
				732E04B62CA24EC200AF0A6B /* english_large.csv */,
				732E04AE2CA24E9800AF0A6B /* W1 */,
				732E04AD2CA24E9800AF0A6B /* Products */,
			);
			sourceTree = "<group>";
		};
		732E04AD2CA24E9800AF0A6B /* Products */ = {
			isa = PBXGroup;
			children = (
				732E04AC2CA24E9800AF0A6B /* W1 */,
			);
			name = Products;
			sourceTree = "<group>";
		};
		732E04AE2CA24E9800AF0A6B /* W1 */ = {
			isa = PBXGroup;
			children = (
				732E04AF2CA24E9800AF0A6B /* tester_1.cpp */,
			);
			path = W1;
			sourceTree = "<group>";
		};
/* End PBXGroup section */

/* Begin PBXNativeTarget section */
		732E04AB2CA24E9800AF0A6B /* W1 */ = {
			isa = PBXNativeTarget;
			buildConfigurationList = 732E04B32CA24E9800AF0A6B /* Build configuration list for PBXNativeTarget "W1" */;
			buildPhases = (
				732E04A82CA24E9800AF0A6B /* Sources */,
				732E04A92CA24E9800AF0A6B /* Frameworks */,
				732E04AA2CA24E9800AF0A6B /* CopyFiles */,
			);
			buildRules = (
			);
			dependencies = (
			);
			name = W1;
			productName = W1;
			productReference = 732E04AC2CA24E9800AF0A6B /* W1 */;
			productType = "com.apple.product-type.tool";
		};
/* End PBXNativeTarget section */

/* Begin PBXProject section */
		732E04A42CA24E9800AF0A6B /* Project object */ = {
			isa = PBXProject;
			attributes = {
				BuildIndependentTargetsInParallel = 1;
				LastUpgradeCheck = 1510;
				TargetAttributes = {
					732E04AB2CA24E9800AF0A6B = {
						CreatedOnToolsVersion = 15.1;
					};
				};
			};
			buildConfigurationList = 732E04A72CA24E9800AF0A6B /* Build configuration list for PBXProject "W1" */;
			compatibilityVersion = "Xcode 14.0";
			developmentRegion = en;
			hasScannedForEncodings = 0;
			knownRegions = (
				en,
				Base,
			);
			mainGroup = 732E04A32CA24E9800AF0A6B;
			productRefGroup = 732E04AD2CA24E9800AF0A6B /* Products */;
			projectDirPath = "";
			projectRoot = "";
			targets = (
				732E04AB2CA24E9800AF0A6B /* W1 */,
			);
		};
/* End PBXProject section */

/* Begin PBXSourcesBuildPhase section */
		732E04A82CA24E9800AF0A6B /* Sources */ = {
			isa = PBXSourcesBuildPhase;
			buildActionMask = 2147483647;
			files = (
				732E04D82CA7138D00AF0A6B /* timeMonitor.cpp in Sources */,
				732E04DB2CA71AA800AF0A6B /* dictionary.cpp in Sources */,
				732E04BA2CA2500B00AF0A6B /* settings.cpp in Sources */,
				732E04BD2CA256B200AF0A6B /* event.cpp in Sources */,
				732E04B02CA24E9800AF0A6B /* tester_1.cpp in Sources */,
				732E04D52CA6473F00AF0A6B /* logger.cpp in Sources */,
			);
			runOnlyForDeploymentPostprocessing = 0;
		};
/* End PBXSourcesBuildPhase section */

/* Begin XCBuildConfiguration section */
		732E04B12CA24E9800AF0A6B /* Debug */ = {
			isa = XCBuildConfiguration;
			buildSettings = {
				ALWAYS_SEARCH_USER_PATHS = NO;
				ASSETCATALOG_COMPILER_GENERATE_SWIFT_ASSET_SYMBOL_EXTENSIONS = YES;
				CLANG_ANALYZER_NONNULL = YES;
				CLANG_ANALYZER_NUMBER_OBJECT_CONVERSION = YES_AGGRESSIVE;
				CLANG_CXX_LANGUAGE_STANDARD = "gnu++20";
				CLANG_ENABLE_MODULES = YES;
				CLANG_ENABLE_OBJC_ARC = YES;
				CLANG_ENABLE_OBJC_WEAK = YES;
				CLANG_WARN_BLOCK_CAPTURE_AUTORELEASING = YES;
				CLANG_WARN_BOOL_CONVERSION = YES;
				CLANG_WARN_COMMA = YES;
				CLANG_WARN_CONSTANT_CONVERSION = YES;
				CLANG_WARN_DEPRECATED_OBJC_IMPLEMENTATIONS = YES;
				CLANG_WARN_DIRECT_OBJC_ISA_USAGE = YES_ERROR;
				CLANG_WARN_DOCUMENTATION_COMMENTS = YES;
				CLANG_WARN_EMPTY_BODY = YES;
				CLANG_WARN_ENUM_CONVERSION = YES;
				CLANG_WARN_INFINITE_RECURSION = YES;
				CLANG_WARN_INT_CONVERSION = YES;
				CLANG_WARN_NON_LITERAL_NULL_CONVERSION = YES;
				CLANG_WARN_OBJC_IMPLICIT_RETAIN_SELF = YES;
				CLANG_WARN_OBJC_LITERAL_CONVERSION = YES;
				CLANG_WARN_OBJC_ROOT_CLASS = YES_ERROR;
				CLANG_WARN_QUOTED_INCLUDE_IN_FRAMEWORK_HEADER = YES;
				CLANG_WARN_RANGE_LOOP_ANALYSIS = YES;
				CLANG_WARN_STRICT_PROTOTYPES = YES;
				CLANG_WARN_SUSPICIOUS_MOVE = YES;
				CLANG_WARN_UNGUARDED_AVAILABILITY = YES_AGGRESSIVE;
				CLANG_WARN_UNREACHABLE_CODE = YES;
				CLANG_WARN__DUPLICATE_METHOD_MATCH = YES;
				COPY_PHASE_STRIP = NO;
				DEBUG_INFORMATION_FORMAT = dwarf;
				ENABLE_STRICT_OBJC_MSGSEND = YES;
				ENABLE_TESTABILITY = YES;
				ENABLE_USER_SCRIPT_SANDBOXING = YES;
				GCC_C_LANGUAGE_STANDARD = gnu17;
				GCC_DYNAMIC_NO_PIC = NO;
				GCC_NO_COMMON_BLOCKS = YES;
				GCC_OPTIMIZATION_LEVEL = 0;
				GCC_PREPROCESSOR_DEFINITIONS = (
					"DEBUG=1",
					"$(inherited)",
				);
				GCC_WARN_64_TO_32_BIT_CONVERSION = YES;
				GCC_WARN_ABOUT_RETURN_TYPE = YES_ERROR;
				GCC_WARN_UNDECLARED_SELECTOR = YES;
				GCC_WARN_UNINITIALIZED_AUTOS = YES_AGGRESSIVE;
				GCC_WARN_UNUSED_FUNCTION = YES;
				GCC_WARN_UNUSED_VARIABLE = YES;
				LOCALIZATION_PREFERS_STRING_CATALOGS = YES;
				MACOSX_DEPLOYMENT_TARGET = 13.6;
				MTL_ENABLE_DEBUG_INFO = INCLUDE_SOURCE;
				MTL_FAST_MATH = YES;
				ONLY_ACTIVE_ARCH = YES;
				SDKROOT = macosx;
			};
			name = Debug;
		};
		732E04B22CA24E9800AF0A6B /* Release */ = {
			isa = XCBuildConfiguration;
			buildSettings = {
				ALWAYS_SEARCH_USER_PATHS = NO;
				ASSETCATALOG_COMPILER_GENERATE_SWIFT_ASSET_SYMBOL_EXTENSIONS = YES;
				CLANG_ANALYZER_NONNULL = YES;
				CLANG_ANALYZER_NUMBER_OBJECT_CONVERSION = YES_AGGRESSIVE;
				CLANG_CXX_LANGUAGE_STANDARD = "gnu++20";
				CLANG_ENABLE_MODULES = YES;
				CLANG_ENABLE_OBJC_ARC = YES;
				CLANG_ENABLE_OBJC_WEAK = YES;
				CLANG_WARN_BLOCK_CAPTURE_AUTORELEASING = YES;
				CLANG_WARN_BOOL_CONVERSION = YES;
				CLANG_WARN_COMMA = YES;
				CLANG_WARN_CONSTANT_CONVERSION = YES;
				CLANG_WARN_DEPRECATED_OBJC_IMPLEMENTATIONS = YES;
				CLANG_WARN_DIRECT_OBJC_ISA_USAGE = YES_ERROR;
				CLANG_WARN_DOCUMENTATION_COMMENTS = YES;
				CLANG_WARN_EMPTY_BODY = YES;
				CLANG_WARN_ENUM_CONVERSION = YES;
				CLANG_WARN_INFINITE_RECURSION = YES;
				CLANG_WARN_INT_CONVERSION = YES;
				CLANG_WARN_NON_LITERAL_NULL_CONVERSION = YES;
				CLANG_WARN_OBJC_IMPLICIT_RETAIN_SELF = YES;
				CLANG_WARN_OBJC_LITERAL_CONVERSION = YES;
				CLANG_WARN_OBJC_ROOT_CLASS = YES_ERROR;
				CLANG_WARN_QUOTED_INCLUDE_IN_FRAMEWORK_HEADER = YES;
				CLANG_WARN_RANGE_LOOP_ANALYSIS = YES;
				CLANG_WARN_STRICT_PROTOTYPES = YES;
				CLANG_WARN_SUSPICIOUS_MOVE = YES;
				CLANG_WARN_UNGUARDED_AVAILABILITY = YES_AGGRESSIVE;
				CLANG_WARN_UNREACHABLE_CODE = YES;
				CLANG_WARN__DUPLICATE_METHOD_MATCH = YES;
				COPY_PHASE_STRIP = NO;
				DEBUG_INFORMATION_FORMAT = "dwarf-with-dsym";
				ENABLE_NS_ASSERTIONS = NO;
				ENABLE_STRICT_OBJC_MSGSEND = YES;
				ENABLE_USER_SCRIPT_SANDBOXING = YES;
				GCC_C_LANGUAGE_STANDARD = gnu17;
				GCC_NO_COMMON_BLOCKS = YES;
				GCC_WARN_64_TO_32_BIT_CONVERSION = YES;
				GCC_WARN_ABOUT_RETURN_TYPE = YES_ERROR;
				GCC_WARN_UNDECLARED_SELECTOR = YES;
				GCC_WARN_UNINITIALIZED_AUTOS = YES_AGGRESSIVE;
				GCC_WARN_UNUSED_FUNCTION = YES;
				GCC_WARN_UNUSED_VARIABLE = YES;
				LOCALIZATION_PREFERS_STRING_CATALOGS = YES;
				MACOSX_DEPLOYMENT_TARGET = 13.6;
				MTL_ENABLE_DEBUG_INFO = NO;
				MTL_FAST_MATH = YES;
				SDKROOT = macosx;
			};
			name = Release;
		};
		732E04B42CA24E9800AF0A6B /* Debug */ = {
			isa = XCBuildConfiguration;
			buildSettings = {
				CODE_SIGN_STYLE = Automatic;
				PRODUCT_NAME = "$(TARGET_NAME)";
			};
			name = Debug;
		};
		732E04B52CA24E9800AF0A6B /* Release */ = {
			isa = XCBuildConfiguration;
			buildSettings = {
				CODE_SIGN_STYLE = Automatic;
				PRODUCT_NAME = "$(TARGET_NAME)";
			};
			name = Release;
		};
/* End XCBuildConfiguration section */

/* Begin XCConfigurationList section */
		732E04A72CA24E9800AF0A6B /* Build configuration list for PBXProject "W1" */ = {
			isa = XCConfigurationList;
			buildConfigurations = (
				732E04B12CA24E9800AF0A6B /* Debug */,
				732E04B22CA24E9800AF0A6B /* Release */,
			);
			defaultConfigurationIsVisible = 0;
			defaultConfigurationName = Release;
		};
		732E04B32CA24E9800AF0A6B /* Build configuration list for PBXNativeTarget "W1" */ = {
			isa = XCConfigurationList;
			buildConfigurations = (
				732E04B42CA24E9800AF0A6B /* Debug */,
				732E04B52CA24E9800AF0A6B /* Release */,
			);
			defaultConfigurationIsVisible = 0;
			defaultConfigurationName = Release;
		};
/* End XCConfigurationList section */
	};
	rootObject = 732E04A42CA24E9800AF0A6B /* Project object */;
}
