// !$*UTF8*$!
{
	archiveVersion = 1;
	classes = {
	};
	objectVersion = 56;
	objects = {

/* Begin PBXBuildFile section */
		7382BF6C2CC2E586000761E7 /* tester_1.cpp in Sources */ = {isa = PBXBuildFile; fileRef = 7382BF6B2CC2E586000761E7 /* tester_1.cpp */; };
		7382BF742CC2E5D1000761E7 /* character.cpp in Sources */ = {isa = PBXBuildFile; fileRef = 7382BF722CC2E5D1000761E7 /* character.cpp */; };
		7382BF772CC2E607000761E7 /* abilities.cpp in Sources */ = {isa = PBXBuildFile; fileRef = 7382BF752CC2E607000761E7 /* abilities.cpp */; };
		7382BF7A2CC2E634000761E7 /* health.cpp in Sources */ = {isa = PBXBuildFile; fileRef = 7382BF782CC2E634000761E7 /* health.cpp */; };
		7382BF7D2CC2E676000761E7 /* weapons.cpp in Sources */ = {isa = PBXBuildFile; fileRef = 7382BF7B2CC2E676000761E7 /* weapons.cpp */; };
		7382BF802CC55356000761E7 /* characterTpl.cpp in Sources */ = {isa = PBXBuildFile; fileRef = 7382BF7E2CC55356000761E7 /* characterTpl.cpp */; };
		7382BF832CC5596B000761E7 /* barbarian.cpp in Sources */ = {isa = PBXBuildFile; fileRef = 7382BF812CC5596B000761E7 /* barbarian.cpp */; };
		7382BF862CC55EDD000761E7 /* archer.cpp in Sources */ = {isa = PBXBuildFile; fileRef = 7382BF842CC55EDD000761E7 /* archer.cpp */; };
		7382BF892CC5620C000761E7 /* rogue.cpp in Sources */ = {isa = PBXBuildFile; fileRef = 7382BF872CC5620C000761E7 /* rogue.cpp */; };
		7382BF8C2CC5DDF4000761E7 /* team.cpp in Sources */ = {isa = PBXBuildFile; fileRef = 7382BF8A2CC5DDF3000761E7 /* team.cpp */; };
		7382BF8F2CC5DF19000761E7 /* guild.cpp in Sources */ = {isa = PBXBuildFile; fileRef = 7382BF8D2CC5DF19000761E7 /* guild.cpp */; };
/* End PBXBuildFile section */

/* Begin PBXCopyFilesBuildPhase section */
		7382BF662CC2E586000761E7 /* CopyFiles */ = {
			isa = PBXCopyFilesBuildPhase;
			buildActionMask = 2147483647;
			dstPath = /usr/share/man/man1/;
			dstSubfolderSpec = 0;
			files = (
			);
			runOnlyForDeploymentPostprocessing = 1;
		};
/* End PBXCopyFilesBuildPhase section */

/* Begin PBXFileReference section */
		7382BF682CC2E586000761E7 /* W2 */ = {isa = PBXFileReference; explicitFileType = "compiled.mach-o.executable"; includeInIndex = 0; path = W2; sourceTree = BUILT_PRODUCTS_DIR; };
		7382BF6B2CC2E586000761E7 /* tester_1.cpp */ = {isa = PBXFileReference; lastKnownFileType = sourcecode.cpp.cpp; path = tester_1.cpp; sourceTree = "<group>"; };
		7382BF722CC2E5D1000761E7 /* character.cpp */ = {isa = PBXFileReference; lastKnownFileType = sourcecode.cpp.cpp; path = character.cpp; sourceTree = "<group>"; };
		7382BF732CC2E5D1000761E7 /* character.h */ = {isa = PBXFileReference; lastKnownFileType = sourcecode.c.h; path = character.h; sourceTree = "<group>"; };
		7382BF752CC2E607000761E7 /* abilities.cpp */ = {isa = PBXFileReference; lastKnownFileType = sourcecode.cpp.cpp; path = abilities.cpp; sourceTree = "<group>"; };
		7382BF762CC2E607000761E7 /* abilities.h */ = {isa = PBXFileReference; lastKnownFileType = sourcecode.c.h; path = abilities.h; sourceTree = "<group>"; };
		7382BF782CC2E634000761E7 /* health.cpp */ = {isa = PBXFileReference; lastKnownFileType = sourcecode.cpp.cpp; path = health.cpp; sourceTree = "<group>"; };
		7382BF792CC2E634000761E7 /* health.h */ = {isa = PBXFileReference; lastKnownFileType = sourcecode.c.h; path = health.h; sourceTree = "<group>"; };
		7382BF7B2CC2E676000761E7 /* weapons.cpp */ = {isa = PBXFileReference; lastKnownFileType = sourcecode.cpp.cpp; path = weapons.cpp; sourceTree = "<group>"; };
		7382BF7C2CC2E676000761E7 /* weapons.h */ = {isa = PBXFileReference; lastKnownFileType = sourcecode.c.h; path = weapons.h; sourceTree = "<group>"; };
		7382BF7E2CC55356000761E7 /* characterTpl.cpp */ = {isa = PBXFileReference; lastKnownFileType = sourcecode.cpp.cpp; path = characterTpl.cpp; sourceTree = "<group>"; };
		7382BF7F2CC55356000761E7 /* characterTpl.h */ = {isa = PBXFileReference; lastKnownFileType = sourcecode.c.h; path = characterTpl.h; sourceTree = "<group>"; };
		7382BF812CC5596B000761E7 /* barbarian.cpp */ = {isa = PBXFileReference; lastKnownFileType = sourcecode.cpp.cpp; path = barbarian.cpp; sourceTree = "<group>"; };
		7382BF822CC5596B000761E7 /* barbarian.h */ = {isa = PBXFileReference; lastKnownFileType = sourcecode.c.h; path = barbarian.h; sourceTree = "<group>"; };
		7382BF842CC55EDD000761E7 /* archer.cpp */ = {isa = PBXFileReference; lastKnownFileType = sourcecode.cpp.cpp; path = archer.cpp; sourceTree = "<group>"; };
		7382BF852CC55EDD000761E7 /* archer.h */ = {isa = PBXFileReference; lastKnownFileType = sourcecode.c.h; path = archer.h; sourceTree = "<group>"; };
		7382BF872CC5620C000761E7 /* rogue.cpp */ = {isa = PBXFileReference; lastKnownFileType = sourcecode.cpp.cpp; path = rogue.cpp; sourceTree = "<group>"; };
		7382BF882CC5620C000761E7 /* rogue.h */ = {isa = PBXFileReference; lastKnownFileType = sourcecode.c.h; path = rogue.h; sourceTree = "<group>"; };
		7382BF8A2CC5DDF3000761E7 /* team.cpp */ = {isa = PBXFileReference; lastKnownFileType = sourcecode.cpp.cpp; path = team.cpp; sourceTree = "<group>"; };
		7382BF8B2CC5DDF4000761E7 /* team.h */ = {isa = PBXFileReference; lastKnownFileType = sourcecode.c.h; path = team.h; sourceTree = "<group>"; };
		7382BF8D2CC5DF19000761E7 /* guild.cpp */ = {isa = PBXFileReference; lastKnownFileType = sourcecode.cpp.cpp; path = guild.cpp; sourceTree = "<group>"; };
		7382BF8E2CC5DF19000761E7 /* guild.h */ = {isa = PBXFileReference; lastKnownFileType = sourcecode.c.h; path = guild.h; sourceTree = "<group>"; };
/* End PBXFileReference section */

/* Begin PBXFrameworksBuildPhase section */
		7382BF652CC2E586000761E7 /* Frameworks */ = {
			isa = PBXFrameworksBuildPhase;
			buildActionMask = 2147483647;
			files = (
			);
			runOnlyForDeploymentPostprocessing = 0;
		};
/* End PBXFrameworksBuildPhase section */

/* Begin PBXGroup section */
		7382BF5F2CC2E586000761E7 = {
			isa = PBXGroup;
			children = (
				7382BF8D2CC5DF19000761E7 /* guild.cpp */,
				7382BF8E2CC5DF19000761E7 /* guild.h */,
				7382BF8A2CC5DDF3000761E7 /* team.cpp */,
				7382BF8B2CC5DDF4000761E7 /* team.h */,
				7382BF872CC5620C000761E7 /* rogue.cpp */,
				7382BF882CC5620C000761E7 /* rogue.h */,
				7382BF842CC55EDD000761E7 /* archer.cpp */,
				7382BF852CC55EDD000761E7 /* archer.h */,
				7382BF812CC5596B000761E7 /* barbarian.cpp */,
				7382BF822CC5596B000761E7 /* barbarian.h */,
				7382BF7E2CC55356000761E7 /* characterTpl.cpp */,
				7382BF7F2CC55356000761E7 /* characterTpl.h */,
				7382BF7B2CC2E676000761E7 /* weapons.cpp */,
				7382BF7C2CC2E676000761E7 /* weapons.h */,
				7382BF782CC2E634000761E7 /* health.cpp */,
				7382BF792CC2E634000761E7 /* health.h */,
				7382BF752CC2E607000761E7 /* abilities.cpp */,
				7382BF762CC2E607000761E7 /* abilities.h */,
				7382BF722CC2E5D1000761E7 /* character.cpp */,
				7382BF732CC2E5D1000761E7 /* character.h */,
				7382BF6A2CC2E586000761E7 /* W2 */,
				7382BF692CC2E586000761E7 /* Products */,
			);
			sourceTree = "<group>";
		};
		7382BF692CC2E586000761E7 /* Products */ = {
			isa = PBXGroup;
			children = (
				7382BF682CC2E586000761E7 /* W2 */,
			);
			name = Products;
			sourceTree = "<group>";
		};
		7382BF6A2CC2E586000761E7 /* W2 */ = {
			isa = PBXGroup;
			children = (
				7382BF6B2CC2E586000761E7 /* tester_1.cpp */,
			);
			path = W2;
			sourceTree = "<group>";
		};
/* End PBXGroup section */

/* Begin PBXNativeTarget section */
		7382BF672CC2E586000761E7 /* W2 */ = {
			isa = PBXNativeTarget;
			buildConfigurationList = 7382BF6F2CC2E586000761E7 /* Build configuration list for PBXNativeTarget "W2" */;
			buildPhases = (
				7382BF642CC2E586000761E7 /* Sources */,
				7382BF652CC2E586000761E7 /* Frameworks */,
				7382BF662CC2E586000761E7 /* CopyFiles */,
			);
			buildRules = (
			);
			dependencies = (
			);
			name = W2;
			productName = W2;
			productReference = 7382BF682CC2E586000761E7 /* W2 */;
			productType = "com.apple.product-type.tool";
		};
/* End PBXNativeTarget section */

/* Begin PBXProject section */
		7382BF602CC2E586000761E7 /* Project object */ = {
			isa = PBXProject;
			attributes = {
				BuildIndependentTargetsInParallel = 1;
				LastUpgradeCheck = 1510;
				TargetAttributes = {
					7382BF672CC2E586000761E7 = {
						CreatedOnToolsVersion = 15.1;
					};
				};
			};
			buildConfigurationList = 7382BF632CC2E586000761E7 /* Build configuration list for PBXProject "W2" */;
			compatibilityVersion = "Xcode 14.0";
			developmentRegion = en;
			hasScannedForEncodings = 0;
			knownRegions = (
				en,
				Base,
			);
			mainGroup = 7382BF5F2CC2E586000761E7;
			productRefGroup = 7382BF692CC2E586000761E7 /* Products */;
			projectDirPath = "";
			projectRoot = "";
			targets = (
				7382BF672CC2E586000761E7 /* W2 */,
			);
		};
/* End PBXProject section */

/* Begin PBXSourcesBuildPhase section */
		7382BF642CC2E586000761E7 /* Sources */ = {
			isa = PBXSourcesBuildPhase;
			buildActionMask = 2147483647;
			files = (
				7382BF862CC55EDD000761E7 /* archer.cpp in Sources */,
				7382BF772CC2E607000761E7 /* abilities.cpp in Sources */,
				7382BF7A2CC2E634000761E7 /* health.cpp in Sources */,
				7382BF892CC5620C000761E7 /* rogue.cpp in Sources */,
				7382BF6C2CC2E586000761E7 /* tester_1.cpp in Sources */,
				7382BF832CC5596B000761E7 /* barbarian.cpp in Sources */,
				7382BF7D2CC2E676000761E7 /* weapons.cpp in Sources */,
				7382BF802CC55356000761E7 /* characterTpl.cpp in Sources */,
				7382BF8F2CC5DF19000761E7 /* guild.cpp in Sources */,
				7382BF8C2CC5DDF4000761E7 /* team.cpp in Sources */,
				7382BF742CC2E5D1000761E7 /* character.cpp in Sources */,
			);
			runOnlyForDeploymentPostprocessing = 0;
		};
/* End PBXSourcesBuildPhase section */

/* Begin XCBuildConfiguration section */
		7382BF6D2CC2E586000761E7 /* Debug */ = {
			isa = XCBuildConfiguration;
			buildSettings = {
				ALWAYS_SEARCH_USER_PATHS = NO;
				ASSETCATALOG_COMPILER_GENERATE_SWIFT_ASSET_SYMBOL_EXTENSIONS = YES;
				CLANG_ANALYZER_NONNULL = YES;
				CLANG_ANALYZER_NUMBER_OBJECT_CONVERSION = YES_AGGRESSIVE;
				CLANG_CXX_LANGUAGE_STANDARD = "gnu++20";
				CLANG_ENABLE_MODULES = YES;
				CLANG_ENABLE_OBJC_ARC = YES;
				CLANG_ENABLE_OBJC_WEAK = YES;
				CLANG_WARN_BLOCK_CAPTURE_AUTORELEASING = YES;
				CLANG_WARN_BOOL_CONVERSION = YES;
				CLANG_WARN_COMMA = YES;
				CLANG_WARN_CONSTANT_CONVERSION = YES;
				CLANG_WARN_DEPRECATED_OBJC_IMPLEMENTATIONS = YES;
				CLANG_WARN_DIRECT_OBJC_ISA_USAGE = YES_ERROR;
				CLANG_WARN_DOCUMENTATION_COMMENTS = YES;
				CLANG_WARN_EMPTY_BODY = YES;
				CLANG_WARN_ENUM_CONVERSION = YES;
				CLANG_WARN_INFINITE_RECURSION = YES;
				CLANG_WARN_INT_CONVERSION = YES;
				CLANG_WARN_NON_LITERAL_NULL_CONVERSION = YES;
				CLANG_WARN_OBJC_IMPLICIT_RETAIN_SELF = YES;
				CLANG_WARN_OBJC_LITERAL_CONVERSION = YES;
				CLANG_WARN_OBJC_ROOT_CLASS = YES_ERROR;
				CLANG_WARN_QUOTED_INCLUDE_IN_FRAMEWORK_HEADER = YES;
				CLANG_WARN_RANGE_LOOP_ANALYSIS = YES;
				CLANG_WARN_STRICT_PROTOTYPES = YES;
				CLANG_WARN_SUSPICIOUS_MOVE = YES;
				CLANG_WARN_UNGUARDED_AVAILABILITY = YES_AGGRESSIVE;
				CLANG_WARN_UNREACHABLE_CODE = YES;
				CLANG_WARN__DUPLICATE_METHOD_MATCH = YES;
				COPY_PHASE_STRIP = NO;
				DEBUG_INFORMATION_FORMAT = dwarf;
				ENABLE_STRICT_OBJC_MSGSEND = YES;
				ENABLE_TESTABILITY = YES;
				ENABLE_USER_SCRIPT_SANDBOXING = YES;
				GCC_C_LANGUAGE_STANDARD = gnu17;
				GCC_DYNAMIC_NO_PIC = NO;
				GCC_NO_COMMON_BLOCKS = YES;
				GCC_OPTIMIZATION_LEVEL = 0;
				GCC_PREPROCESSOR_DEFINITIONS = (
					"DEBUG=1",
					"$(inherited)",
				);
				GCC_WARN_64_TO_32_BIT_CONVERSION = YES;
				GCC_WARN_ABOUT_RETURN_TYPE = YES_ERROR;
				GCC_WARN_UNDECLARED_SELECTOR = YES;
				GCC_WARN_UNINITIALIZED_AUTOS = YES_AGGRESSIVE;
				GCC_WARN_UNUSED_FUNCTION = YES;
				GCC_WARN_UNUSED_VARIABLE = YES;
				LOCALIZATION_PREFERS_STRING_CATALOGS = YES;
				MACOSX_DEPLOYMENT_TARGET = 13.6;
				MTL_ENABLE_DEBUG_INFO = INCLUDE_SOURCE;
				MTL_FAST_MATH = YES;
				ONLY_ACTIVE_ARCH = YES;
				SDKROOT = macosx;
			};
			name = Debug;
		};
		7382BF6E2CC2E586000761E7 /* Release */ = {
			isa = XCBuildConfiguration;
			buildSettings = {
				ALWAYS_SEARCH_USER_PATHS = NO;
				ASSETCATALOG_COMPILER_GENERATE_SWIFT_ASSET_SYMBOL_EXTENSIONS = YES;
				CLANG_ANALYZER_NONNULL = YES;
				CLANG_ANALYZER_NUMBER_OBJECT_CONVERSION = YES_AGGRESSIVE;
				CLANG_CXX_LANGUAGE_STANDARD = "gnu++20";
				CLANG_ENABLE_MODULES = YES;
				CLANG_ENABLE_OBJC_ARC = YES;
				CLANG_ENABLE_OBJC_WEAK = YES;
				CLANG_WARN_BLOCK_CAPTURE_AUTORELEASING = YES;
				CLANG_WARN_BOOL_CONVERSION = YES;
				CLANG_WARN_COMMA = YES;
				CLANG_WARN_CONSTANT_CONVERSION = YES;
				CLANG_WARN_DEPRECATED_OBJC_IMPLEMENTATIONS = YES;
				CLANG_WARN_DIRECT_OBJC_ISA_USAGE = YES_ERROR;
				CLANG_WARN_DOCUMENTATION_COMMENTS = YES;
				CLANG_WARN_EMPTY_BODY = YES;
				CLANG_WARN_ENUM_CONVERSION = YES;
				CLANG_WARN_INFINITE_RECURSION = YES;
				CLANG_WARN_INT_CONVERSION = YES;
				CLANG_WARN_NON_LITERAL_NULL_CONVERSION = YES;
				CLANG_WARN_OBJC_IMPLICIT_RETAIN_SELF = YES;
				CLANG_WARN_OBJC_LITERAL_CONVERSION = YES;
				CLANG_WARN_OBJC_ROOT_CLASS = YES_ERROR;
				CLANG_WARN_QUOTED_INCLUDE_IN_FRAMEWORK_HEADER = YES;
				CLANG_WARN_RANGE_LOOP_ANALYSIS = YES;
				CLANG_WARN_STRICT_PROTOTYPES = YES;
				CLANG_WARN_SUSPICIOUS_MOVE = YES;
				CLANG_WARN_UNGUARDED_AVAILABILITY = YES_AGGRESSIVE;
				CLANG_WARN_UNREACHABLE_CODE = YES;
				CLANG_WARN__DUPLICATE_METHOD_MATCH = YES;
				COPY_PHASE_STRIP = NO;
				DEBUG_INFORMATION_FORMAT = "dwarf-with-dsym";
				ENABLE_NS_ASSERTIONS = NO;
				ENABLE_STRICT_OBJC_MSGSEND = YES;
				ENABLE_USER_SCRIPT_SANDBOXING = YES;
				GCC_C_LANGUAGE_STANDARD = gnu17;
				GCC_NO_COMMON_BLOCKS = YES;
				GCC_WARN_64_TO_32_BIT_CONVERSION = YES;
				GCC_WARN_ABOUT_RETURN_TYPE = YES_ERROR;
				GCC_WARN_UNDECLARED_SELECTOR = YES;
				GCC_WARN_UNINITIALIZED_AUTOS = YES_AGGRESSIVE;
				GCC_WARN_UNUSED_FUNCTION = YES;
				GCC_WARN_UNUSED_VARIABLE = YES;
				LOCALIZATION_PREFERS_STRING_CATALOGS = YES;
				MACOSX_DEPLOYMENT_TARGET = 13.6;
				MTL_ENABLE_DEBUG_INFO = NO;
				MTL_FAST_MATH = YES;
				SDKROOT = macosx;
			};
			name = Release;
		};
		7382BF702CC2E586000761E7 /* Debug */ = {
			isa = XCBuildConfiguration;
			buildSettings = {
				CODE_SIGN_STYLE = Automatic;
				PRODUCT_NAME = "$(TARGET_NAME)";
			};
			name = Debug;
		};
		7382BF712CC2E586000761E7 /* Release */ = {
			isa = XCBuildConfiguration;
			buildSettings = {
				CODE_SIGN_STYLE = Automatic;
				PRODUCT_NAME = "$(TARGET_NAME)";
			};
			name = Release;
		};
/* End XCBuildConfiguration section */

/* Begin XCConfigurationList section */
		7382BF632CC2E586000761E7 /* Build configuration list for PBXProject "W2" */ = {
			isa = XCConfigurationList;
			buildConfigurations = (
				7382BF6D2CC2E586000761E7 /* Debug */,
				7382BF6E2CC2E586000761E7 /* Release */,
			);
			defaultConfigurationIsVisible = 0;
			defaultConfigurationName = Release;
		};
		7382BF6F2CC2E586000761E7 /* Build configuration list for PBXNativeTarget "W2" */ = {
			isa = XCConfigurationList;
			buildConfigurations = (
				7382BF702CC2E586000761E7 /* Debug */,
				7382BF712CC2E586000761E7 /* Release */,
			);
			defaultConfigurationIsVisible = 0;
			defaultConfigurationName = Release;
		};
/* End XCConfigurationList section */
	};
	rootObject = 7382BF602CC2E586000761E7 /* Project object */;
}
